
Microsoft Visual Studio Solution File, Format Version 12.00
# Visual Studio Version 17
VisualStudioVersion = 17.11.35327.3
MinimumVisualStudioVersion = 10.0.40219.1
Project("{9A19103F-16F7-4668-BE54-9A1E7A4F7556}") = "ScreenManager", "ScreenManager\ScreenManager.csproj", "{6A2E50AF-EE69-461A-80A7-06FA0A8E05ED}"
EndProject
Global
	GlobalSection(SolutionConfigurationPlatforms) = preSolution
		Debug|Any CPU = Debug|Any CPU
		Debug|x86 = Debug|x86
		Release|Any CPU = Release|Any CPU
		Release|x86 = Release|x86
	EndGlobalSection
	GlobalSection(ProjectConfigurationPlatforms) = postSolution
		{6A2E50AF-EE69-461A-80A7-06FA0A8E05ED}.Debug|Any CPU.ActiveCfg = Debug|Any CPU
		{6A2E50AF-EE69-461A-80A7-06FA0A8E05ED}.Debug|Any CPU.Build.0 = Debug|Any CPU
		{6A2E50AF-EE69-461A-80A7-06FA0A8E05ED}.Debug|x86.ActiveCfg = Debug|Any CPU
		{6A2E50AF-EE69-461A-80A7-06FA0A8E05ED}.Debug|x86.Build.0 = Debug|Any CPU
		{6A2E50AF-EE69-461A-80A7-06FA0A8E05ED}.Release|Any CPU.ActiveCfg = Release|Any CPU
		{6A2E50AF-EE69-461A-80A7-06FA0A8E05ED}.Release|Any CPU.Build.0 = Release|Any CPU
		{6A2E50AF-EE69-461A-80A7-06FA0A8E05ED}.Release|x86.ActiveCfg = Release|Any CPU
		{6A2E50AF-EE69-461A-80A7-06FA0A8E05ED}.Release|x86.Build.0 = Release|Any CPU
	EndGlobalSection
	GlobalSection(SolutionProperties) = preSolution
		HideSolutionNode = FALSE
	EndGlobalSection
	GlobalSection(ExtensibilityGlobals) = postSolution
		SolutionGuid = {F33AD420-8486-4902-9C74-A55A5542480F}
	EndGlobalSection
EndGlobal
